<Solution>
  <Folder Name="/docs/">
    <File Path=".gitignore" />
    <File Path="README.md" />
  </Folder>
  <Project Path="ToxicDetectionBot.WebApi.AppHost/ToxicDetectionBot.WebApi.AppHost.csproj" />
  <Project Path="ToxicDetectionBot.WebApi.ServiceDefaults/ToxicDetectionBot.WebApi.ServiceDefaults.csproj" />
  <Project Path="ToxicDetectionBot.WebApi/ToxicDetectionBot.WebApi.csproj" />
</Solution>
